
Microsoft Visual Studio Solution File, Format Version 12.00
# Visual Studio Version 17
VisualStudioVersion = 17.0.31919.166
MinimumVisualStudioVersion = 10.0.40219.1
Project("{FAE04EC0-301F-11D3-BF4B-00C04F79EFBC}") = "Escola", "Escola.csproj", "{BC2202CA-7F05-4ADF-B021-2B73FC8FAA34}"
EndProject
Global
	GlobalSection(SolutionConfigurationPlatforms) = preSolution
		Debug|Any CPU = Debug|Any CPU
		Release|Any CPU = Release|Any CPU
	EndGlobalSection
	GlobalSection(ProjectConfigurationPlatforms) = postSolution
		{BC2202CA-7F05-4ADF-B021-2B73FC8FAA34}.Debug|Any CPU.ActiveCfg = Debug|Any CPU
		{BC2202CA-7F05-4ADF-B021-2B73FC8FAA34}.Debug|Any CPU.Build.0 = Debug|Any CPU
		{BC2202CA-7F05-4ADF-B021-2B73FC8FAA34}.Release|Any CPU.ActiveCfg = Release|Any CPU
		{BC2202CA-7F05-4ADF-B021-2B73FC8FAA34}.Release|Any CPU.Build.0 = Release|Any CPU
	EndGlobalSection
	GlobalSection(SolutionProperties) = preSolution
		HideSolutionNode = FALSE
	EndGlobalSection
	GlobalSection(ExtensibilityGlobals) = postSolution
		SolutionGuid = {3054C79E-9201-4E3E-BF1B-1CD56FA3241A}
	EndGlobalSection
EndGlobal
